{
  "requires": true,
  "lockfileVersion": 1,
  "dependencies": {
    "js-md5": {
      "version": "0.7.3",
      "resolved": "https://registry.npmjs.org/js-md5/-/js-md5-0.7.3.tgz",
      "integrity": "sha512-ZC41vPSTLKGwIRjqDh8DfXoCrdQIyBgspJVPXHBGu4nZlAEvG3nf+jO9avM9RmLiGakg7vz974ms99nEV0tmTQ=="
    },
    "jweixin-module": {
      "version": "1.4.1",
      "resolved": "https://registry.npmjs.org/jweixin-module/-/jweixin-module-1.4.1.tgz",
      "integrity": "sha512-2R2oa1lYhAsclfjKSf3DP4ZiP1dcrQUbM7aklbeJA+UAg/LS7MqoA6UbTy1cs4sbB34z62K4bKW0Z9iazD8ejg=="
    }
  }
}
